{
    "name": "flexdatagen",
    "version": "1.0.0",
    "lockfileVersion": 1,
    "requires": true,
    "dependencies": {
        "@json-editor/json-editor": {
            "version": "2.15.1",
            "resolved": "https://registry.npmjs.org/@json-editor/json-editor/-/json-editor-2.15.1.tgz",
            "integrity": "sha512-Z4KFXpL7I9wrKD94c1PcIwFfCvUzYhwM0jH2ihP2OSH8wut0FnqzCfKCL0gdNHG3A2UVsyVJBoU9Iwsc0xB6zQ==",
            "requires": {
                "core-js": "^3.27.2"
            }
        },
        "core-js": {
            "version": "3.37.1",
            "resolved": "https://registry.npmjs.org/core-js/-/core-js-3.37.1.tgz",
            "integrity": "sha512-Xn6qmxrQZyB0FFY8E3bgRXei3lWDJHhvI+u0q9TKIYM49G8pAr0FgnnrFRAmsbptZL1yxRADVXn+x5AGsbBfyw=="
        }
    }
}
